
Microsoft Visual Studio Solution File, Format Version 12.00
# Visual Studio Version 17
VisualStudioVersion = 17.5.002.0
MinimumVisualStudioVersion = 10.0.40219.1
Project("{9A19103F-16F7-4668-BE54-9A1E7A4F7556}") = "Exo.WebApi", "Exo.WebApi.csproj", "{D2F215BF-3D63-4E4E-A5C8-61F9FBDD04AE}"
EndProject
Global
	GlobalSection(SolutionConfigurationPlatforms) = preSolution
		Debug|Any CPU = Debug|Any CPU
		Release|Any CPU = Release|Any CPU
	EndGlobalSection
	GlobalSection(ProjectConfigurationPlatforms) = postSolution
		{D2F215BF-3D63-4E4E-A5C8-61F9FBDD04AE}.Debug|Any CPU.ActiveCfg = Debug|Any CPU
		{D2F215BF-3D63-4E4E-A5C8-61F9FBDD04AE}.Debug|Any CPU.Build.0 = Debug|Any CPU
		{D2F215BF-3D63-4E4E-A5C8-61F9FBDD04AE}.Release|Any CPU.ActiveCfg = Release|Any CPU
		{D2F215BF-3D63-4E4E-A5C8-61F9FBDD04AE}.Release|Any CPU.Build.0 = Release|Any CPU
	EndGlobalSection
	GlobalSection(SolutionProperties) = preSolution
		HideSolutionNode = FALSE
	EndGlobalSection
	GlobalSection(ExtensibilityGlobals) = postSolution
		SolutionGuid = {5580C29A-14AA-4CAB-BD1F-5435E96B106E}
	EndGlobalSection
EndGlobal
